
Microsoft Visual Studio Solution File, Format Version 12.00
# Visual Studio Version 17
VisualStudioVersion = 17.12.35527.113
MinimumVisualStudioVersion = 10.0.40219.1
Project("{FAE04EC0-301F-11D3-BF4B-00C04F79EFBC}") = "Presentation", "Presentation.csproj", "{1E103407-DD9D-4829-80DA-D04C406DF82F}"
EndProject
Project("{FAE04EC0-301F-11D3-BF4B-00C04F79EFBC}") = "Application", "..\Application\Application.csproj", "{D3E944EC-465C-49BF-A72A-118E009206DA}"
EndProject
Project("{FAE04EC0-301F-11D3-BF4B-00C04F79EFBC}") = "Infrastructure", "..\Infrastructure\Infrastructure.csproj", "{F0153564-AF9C-48E8-ACAF-EE3773BC515C}"
EndProject
Global
	GlobalSection(SolutionConfigurationPlatforms) = preSolution
		Debug|Any CPU = Debug|Any CPU
		Release|Any CPU = Release|Any CPU
	EndGlobalSection
	GlobalSection(ProjectConfigurationPlatforms) = postSolution
		{1E103407-DD9D-4829-80DA-D04C406DF82F}.Debug|Any CPU.ActiveCfg = Debug|Any CPU
		{1E103407-DD9D-4829-80DA-D04C406DF82F}.Debug|Any CPU.Build.0 = Debug|Any CPU
		{1E103407-DD9D-4829-80DA-D04C406DF82F}.Release|Any CPU.ActiveCfg = Release|Any CPU
		{1E103407-DD9D-4829-80DA-D04C406DF82F}.Release|Any CPU.Build.0 = Release|Any CPU
		{D3E944EC-465C-49BF-A72A-118E009206DA}.Debug|Any CPU.ActiveCfg = Debug|Any CPU
		{D3E944EC-465C-49BF-A72A-118E009206DA}.Debug|Any CPU.Build.0 = Debug|Any CPU
		{D3E944EC-465C-49BF-A72A-118E009206DA}.Release|Any CPU.ActiveCfg = Release|Any CPU
		{D3E944EC-465C-49BF-A72A-118E009206DA}.Release|Any CPU.Build.0 = Release|Any CPU
		{F0153564-AF9C-48E8-ACAF-EE3773BC515C}.Debug|Any CPU.ActiveCfg = Debug|Any CPU
		{F0153564-AF9C-48E8-ACAF-EE3773BC515C}.Debug|Any CPU.Build.0 = Debug|Any CPU
		{F0153564-AF9C-48E8-ACAF-EE3773BC515C}.Release|Any CPU.ActiveCfg = Release|Any CPU
		{F0153564-AF9C-48E8-ACAF-EE3773BC515C}.Release|Any CPU.Build.0 = Release|Any CPU
	EndGlobalSection
	GlobalSection(SolutionProperties) = preSolution
		HideSolutionNode = FALSE
	EndGlobalSection
	GlobalSection(ExtensibilityGlobals) = postSolution
		SolutionGuid = {163524A2-34A0-4E2E-8BA0-7343F904EDF5}
	EndGlobalSection
EndGlobal
